{
  "name": "GraphQL_API (funktioniert)",
  "lockfileVersion": 2,
  "requires": true,
  "packages": {
    "": {
      "dependencies": {
        "dataloader": "^2.1.0"
      }
    },
    "node_modules/dataloader": {
      "version": "2.1.0",
      "resolved": "https://registry.npmjs.org/dataloader/-/dataloader-2.1.0.tgz",
      "integrity": "sha512-qTcEYLen3r7ojZNgVUaRggOI+KM7jrKxXeSHhogh/TWxYMeONEMqY+hmkobiYQozsGIyg9OYVzO4ZIfoB4I0pQ=="
    }
  },
  "dependencies": {
    "dataloader": {
      "version": "2.1.0",
      "resolved": "https://registry.npmjs.org/dataloader/-/dataloader-2.1.0.tgz",
      "integrity": "sha512-qTcEYLen3r7ojZNgVUaRggOI+KM7jrKxXeSHhogh/TWxYMeONEMqY+hmkobiYQozsGIyg9OYVzO4ZIfoB4I0pQ=="
    }
  }
}
